
Microsoft Visual Studio Solution File, Format Version 12.00
# Visual Studio Version 17
VisualStudioVersion = 17.8.34330.188
MinimumVisualStudioVersion = 10.0.40219.1
Project("{FAE04EC0-301F-11D3-BF4B-00C04F79EFBC}") = "1st_asm1_nhatlinh", "1st_asm1_nhatlinh\1st_asm1_nhatlinh.csproj", "{7CF8B3E5-1956-454F-A084-24BD5E4892E4}"
EndProject
Global
	GlobalSection(SolutionConfigurationPlatforms) = preSolution
		Debug|Any CPU = Debug|Any CPU
		Release|Any CPU = Release|Any CPU
	EndGlobalSection
	GlobalSection(ProjectConfigurationPlatforms) = postSolution
		{7CF8B3E5-1956-454F-A084-24BD5E4892E4}.Debug|Any CPU.ActiveCfg = Debug|Any CPU
		{7CF8B3E5-1956-454F-A084-24BD5E4892E4}.Debug|Any CPU.Build.0 = Debug|Any CPU
		{7CF8B3E5-1956-454F-A084-24BD5E4892E4}.Release|Any CPU.ActiveCfg = Release|Any CPU
		{7CF8B3E5-1956-454F-A084-24BD5E4892E4}.Release|Any CPU.Build.0 = Release|Any CPU
	EndGlobalSection
	GlobalSection(SolutionProperties) = preSolution
		HideSolutionNode = FALSE
	EndGlobalSection
	GlobalSection(ExtensibilityGlobals) = postSolution
		SolutionGuid = {CF348989-5C57-4A83-B3BE-23BE30095CD1}
	EndGlobalSection
EndGlobal
